
Microsoft Visual Studio Solution File, Format Version 12.00
# Visual Studio Version 17
VisualStudioVersion = 17.0.32126.317
MinimumVisualStudioVersion = 10.0.40219.1
Project("{FAE04EC0-301F-11D3-BF4B-00C04F79EFBC}") = "ThumbnailMaker", "ThumbnailMaker\ThumbnailMaker.csproj", "{D8DC2A43-5866-407C-BCBD-5A0CE4D3EE8E}"
EndProject
Project("{2150E333-8FDC-42A3-9474-1A3956D46DE8}") = "Shared", "Shared", "{CEE3BA6D-B600-42D3-ADA7-17ABF94FCDC2}"
EndProject
Project("{FAE04EC0-301F-11D3-BF4B-00C04F79EFBC}") = "SlickControls", "..\SlickControls\SlickControls.csproj", "{2C0E1D8A-6619-4116-98EE-3F9E6C937537}"
EndProject
Project("{FAE04EC0-301F-11D3-BF4B-00C04F79EFBC}") = "Extensions", "..\Extensions\Extensions.csproj", "{50EA98FD-47B0-40BC-A51E-3DEFB2525F2C}"
EndProject
Global
	GlobalSection(SolutionConfigurationPlatforms) = preSolution
		Debug|Any CPU = Debug|Any CPU
		Release|Any CPU = Release|Any CPU
	EndGlobalSection
	GlobalSection(ProjectConfigurationPlatforms) = postSolution
		{D8DC2A43-5866-407C-BCBD-5A0CE4D3EE8E}.Debug|Any CPU.ActiveCfg = Debug|Any CPU
		{D8DC2A43-5866-407C-BCBD-5A0CE4D3EE8E}.Debug|Any CPU.Build.0 = Debug|Any CPU
		{D8DC2A43-5866-407C-BCBD-5A0CE4D3EE8E}.Release|Any CPU.ActiveCfg = Release|Any CPU
		{D8DC2A43-5866-407C-BCBD-5A0CE4D3EE8E}.Release|Any CPU.Build.0 = Release|Any CPU
		{2C0E1D8A-6619-4116-98EE-3F9E6C937537}.Debug|Any CPU.ActiveCfg = Debug|Any CPU
		{2C0E1D8A-6619-4116-98EE-3F9E6C937537}.Debug|Any CPU.Build.0 = Debug|Any CPU
		{2C0E1D8A-6619-4116-98EE-3F9E6C937537}.Release|Any CPU.ActiveCfg = Release|Any CPU
		{2C0E1D8A-6619-4116-98EE-3F9E6C937537}.Release|Any CPU.Build.0 = Release|Any CPU
		{50EA98FD-47B0-40BC-A51E-3DEFB2525F2C}.Debug|Any CPU.ActiveCfg = Debug|Any CPU
		{50EA98FD-47B0-40BC-A51E-3DEFB2525F2C}.Debug|Any CPU.Build.0 = Debug|Any CPU
		{50EA98FD-47B0-40BC-A51E-3DEFB2525F2C}.Release|Any CPU.ActiveCfg = Release|Any CPU
		{50EA98FD-47B0-40BC-A51E-3DEFB2525F2C}.Release|Any CPU.Build.0 = Release|Any CPU
	EndGlobalSection
	GlobalSection(SolutionProperties) = preSolution
		HideSolutionNode = FALSE
	EndGlobalSection
	GlobalSection(NestedProjects) = preSolution
		{2C0E1D8A-6619-4116-98EE-3F9E6C937537} = {CEE3BA6D-B600-42D3-ADA7-17ABF94FCDC2}
		{50EA98FD-47B0-40BC-A51E-3DEFB2525F2C} = {CEE3BA6D-B600-42D3-ADA7-17ABF94FCDC2}
	EndGlobalSection
	GlobalSection(ExtensibilityGlobals) = postSolution
		SolutionGuid = {CED6E673-1CD6-4068-BA99-95D762448D55}
	EndGlobalSection
EndGlobal
