
Microsoft Visual Studio Solution File, Format Version 12.00
# Visual Studio Version 17
VisualStudioVersion = 17.0.32126.317
MinimumVisualStudioVersion = 10.0.40219.1
Project("{FAE04EC0-301F-11D3-BF4B-00C04F79EFBC}") = "ThumbnailMaker", "ThumbnailMaker\ThumbnailMaker.csproj", "{D8DC2A43-5866-407C-BCBD-5A0CE4D3EE8E}"
EndProject
Global
	GlobalSection(SolutionConfigurationPlatforms) = preSolution
		Debug|Any CPU = Debug|Any CPU
		Release|Any CPU = Release|Any CPU
	EndGlobalSection
	GlobalSection(ProjectConfigurationPlatforms) = postSolution
		{D8DC2A43-5866-407C-BCBD-5A0CE4D3EE8E}.Debug|Any CPU.ActiveCfg = Debug|Any CPU
		{D8DC2A43-5866-407C-BCBD-5A0CE4D3EE8E}.Debug|Any CPU.Build.0 = Debug|Any CPU
		{D8DC2A43-5866-407C-BCBD-5A0CE4D3EE8E}.Release|Any CPU.ActiveCfg = Release|Any CPU
		{D8DC2A43-5866-407C-BCBD-5A0CE4D3EE8E}.Release|Any CPU.Build.0 = Release|Any CPU
	EndGlobalSection
	GlobalSection(SolutionProperties) = preSolution
		HideSolutionNode = FALSE
	EndGlobalSection
	GlobalSection(ExtensibilityGlobals) = postSolution
		SolutionGuid = {CED6E673-1CD6-4068-BA99-95D762448D55}
	EndGlobalSection
EndGlobal
